
Microsoft Visual Studio Solution File, Format Version 12.00
# Visual Studio 15
VisualStudioVersion = 15.0.26430.14
MinimumVisualStudioVersion = 10.0.40219.1
Project("{FAE04EC0-301F-11D3-BF4B-00C04F79EFBC}") = "NobuXamTest1", "NobuXamTest1\NobuXamTest1\NobuXamTest1.csproj", "{440B36A4-5299-4EBE-BFEF-1B084C08AF73}"
EndProject
Project("{FAE04EC0-301F-11D3-BF4B-00C04F79EFBC}") = "NobuXamTest1.Android", "NobuXamTest1\NobuXamTest1.Android\NobuXamTest1.Android.csproj", "{21DA6E07-B118-4CC8-B2D0-79C42A54D5BA}"
EndProject
Project("{FAE04EC0-301F-11D3-BF4B-00C04F79EFBC}") = "NobuXamTest1.iOS", "NobuXamTest1\NobuXamTest1.iOS\NobuXamTest1.iOS.csproj", "{CAF632BD-DCAB-4BD4-A33E-682F7A1C35ED}"
EndProject
Project("{FAE04EC0-301F-11D3-BF4B-00C04F79EFBC}") = "NobuXamTest1.UWP", "NobuXamTest1\NobuXamTest1.UWP\NobuXamTest1.UWP.csproj", "{BFDEEC2E-300C-4EFE-9E26-63F0A6E17845}"
EndProject
Global
	GlobalSection(SolutionConfigurationPlatforms) = preSolution
		Debug|Any CPU = Debug|Any CPU
		Debug|ARM = Debug|ARM
		Debug|iPhone = Debug|iPhone
		Debug|iPhoneSimulator = Debug|iPhoneSimulator
		Debug|x64 = Debug|x64
		Debug|x86 = Debug|x86
		Release|Any CPU = Release|Any CPU
		Release|ARM = Release|ARM
		Release|iPhone = Release|iPhone
		Release|iPhoneSimulator = Release|iPhoneSimulator
		Release|x64 = Release|x64
		Release|x86 = Release|x86
	EndGlobalSection
	GlobalSection(ProjectConfigurationPlatforms) = postSolution
		{440B36A4-5299-4EBE-BFEF-1B084C08AF73}.Debug|Any CPU.ActiveCfg = Debug|Any CPU
		{440B36A4-5299-4EBE-BFEF-1B084C08AF73}.Debug|Any CPU.Build.0 = Debug|Any CPU
		{440B36A4-5299-4EBE-BFEF-1B084C08AF73}.Debug|ARM.ActiveCfg = Debug|Any CPU
		{440B36A4-5299-4EBE-BFEF-1B084C08AF73}.Debug|ARM.Build.0 = Debug|Any CPU
		{440B36A4-5299-4EBE-BFEF-1B084C08AF73}.Debug|iPhone.ActiveCfg = Debug|Any CPU
		{440B36A4-5299-4EBE-BFEF-1B084C08AF73}.Debug|iPhone.Build.0 = Debug|Any CPU
		{440B36A4-5299-4EBE-BFEF-1B084C08AF73}.Debug|iPhoneSimulator.ActiveCfg = Debug|Any CPU
		{440B36A4-5299-4EBE-BFEF-1B084C08AF73}.Debug|iPhoneSimulator.Build.0 = Debug|Any CPU
		{440B36A4-5299-4EBE-BFEF-1B084C08AF73}.Debug|x64.ActiveCfg = Debug|Any CPU
		{440B36A4-5299-4EBE-BFEF-1B084C08AF73}.Debug|x64.Build.0 = Debug|Any CPU
		{440B36A4-5299-4EBE-BFEF-1B084C08AF73}.Debug|x86.ActiveCfg = Debug|Any CPU
		{440B36A4-5299-4EBE-BFEF-1B084C08AF73}.Debug|x86.Build.0 = Debug|Any CPU
		{440B36A4-5299-4EBE-BFEF-1B084C08AF73}.Release|Any CPU.ActiveCfg = Release|Any CPU
		{440B36A4-5299-4EBE-BFEF-1B084C08AF73}.Release|Any CPU.Build.0 = Release|Any CPU
		{440B36A4-5299-4EBE-BFEF-1B084C08AF73}.Release|ARM.ActiveCfg = Release|Any CPU
		{440B36A4-5299-4EBE-BFEF-1B084C08AF73}.Release|ARM.Build.0 = Release|Any CPU
		{440B36A4-5299-4EBE-BFEF-1B084C08AF73}.Release|iPhone.ActiveCfg = Release|Any CPU
		{440B36A4-5299-4EBE-BFEF-1B084C08AF73}.Release|iPhone.Build.0 = Release|Any CPU
		{440B36A4-5299-4EBE-BFEF-1B084C08AF73}.Release|iPhoneSimulator.ActiveCfg = Release|Any CPU
		{440B36A4-5299-4EBE-BFEF-1B084C08AF73}.Release|iPhoneSimulator.Build.0 = Release|Any CPU
		{440B36A4-5299-4EBE-BFEF-1B084C08AF73}.Release|x64.ActiveCfg = Release|Any CPU
		{440B36A4-5299-4EBE-BFEF-1B084C08AF73}.Release|x64.Build.0 = Release|Any CPU
		{440B36A4-5299-4EBE-BFEF-1B084C08AF73}.Release|x86.ActiveCfg = Release|Any CPU
		{440B36A4-5299-4EBE-BFEF-1B084C08AF73}.Release|x86.Build.0 = Release|Any CPU
		{21DA6E07-B118-4CC8-B2D0-79C42A54D5BA}.Debug|Any CPU.ActiveCfg = Debug|Any CPU
		{21DA6E07-B118-4CC8-B2D0-79C42A54D5BA}.Debug|Any CPU.Build.0 = Debug|Any CPU
		{21DA6E07-B118-4CC8-B2D0-79C42A54D5BA}.Debug|Any CPU.Deploy.0 = Debug|Any CPU
		{21DA6E07-B118-4CC8-B2D0-79C42A54D5BA}.Debug|ARM.ActiveCfg = Debug|Any CPU
		{21DA6E07-B118-4CC8-B2D0-79C42A54D5BA}.Debug|ARM.Build.0 = Debug|Any CPU
		{21DA6E07-B118-4CC8-B2D0-79C42A54D5BA}.Debug|ARM.Deploy.0 = Debug|Any CPU
		{21DA6E07-B118-4CC8-B2D0-79C42A54D5BA}.Debug|iPhone.ActiveCfg = Debug|Any CPU
		{21DA6E07-B118-4CC8-B2D0-79C42A54D5BA}.Debug|iPhone.Build.0 = Debug|Any CPU
		{21DA6E07-B118-4CC8-B2D0-79C42A54D5BA}.Debug|iPhone.Deploy.0 = Debug|Any CPU
		{21DA6E07-B118-4CC8-B2D0-79C42A54D5BA}.Debug|iPhoneSimulator.ActiveCfg = Debug|Any CPU
		{21DA6E07-B118-4CC8-B2D0-79C42A54D5BA}.Debug|iPhoneSimulator.Build.0 = Debug|Any CPU
		{21DA6E07-B118-4CC8-B2D0-79C42A54D5BA}.Debug|iPhoneSimulator.Deploy.0 = Debug|Any CPU
		{21DA6E07-B118-4CC8-B2D0-79C42A54D5BA}.Debug|x64.ActiveCfg = Debug|Any CPU
		{21DA6E07-B118-4CC8-B2D0-79C42A54D5BA}.Debug|x64.Build.0 = Debug|Any CPU
		{21DA6E07-B118-4CC8-B2D0-79C42A54D5BA}.Debug|x64.Deploy.0 = Debug|Any CPU
		{21DA6E07-B118-4CC8-B2D0-79C42A54D5BA}.Debug|x86.ActiveCfg = Debug|Any CPU
		{21DA6E07-B118-4CC8-B2D0-79C42A54D5BA}.Debug|x86.Build.0 = Debug|Any CPU
		{21DA6E07-B118-4CC8-B2D0-79C42A54D5BA}.Debug|x86.Deploy.0 = Debug|Any CPU
		{21DA6E07-B118-4CC8-B2D0-79C42A54D5BA}.Release|Any CPU.ActiveCfg = Release|Any CPU
		{21DA6E07-B118-4CC8-B2D0-79C42A54D5BA}.Release|Any CPU.Build.0 = Release|Any CPU
		{21DA6E07-B118-4CC8-B2D0-79C42A54D5BA}.Release|Any CPU.Deploy.0 = Release|Any CPU
		{21DA6E07-B118-4CC8-B2D0-79C42A54D5BA}.Release|ARM.ActiveCfg = Release|Any CPU
		{21DA6E07-B118-4CC8-B2D0-79C42A54D5BA}.Release|ARM.Build.0 = Release|Any CPU
		{21DA6E07-B118-4CC8-B2D0-79C42A54D5BA}.Release|ARM.Deploy.0 = Release|Any CPU
		{21DA6E07-B118-4CC8-B2D0-79C42A54D5BA}.Release|iPhone.ActiveCfg = Release|Any CPU
		{21DA6E07-B118-4CC8-B2D0-79C42A54D5BA}.Release|iPhone.Build.0 = Release|Any CPU
		{21DA6E07-B118-4CC8-B2D0-79C42A54D5BA}.Release|iPhone.Deploy.0 = Release|Any CPU
		{21DA6E07-B118-4CC8-B2D0-79C42A54D5BA}.Release|iPhoneSimulator.ActiveCfg = Release|Any CPU
		{21DA6E07-B118-4CC8-B2D0-79C42A54D5BA}.Release|iPhoneSimulator.Build.0 = Release|Any CPU
		{21DA6E07-B118-4CC8-B2D0-79C42A54D5BA}.Release|iPhoneSimulator.Deploy.0 = Release|Any CPU
		{21DA6E07-B118-4CC8-B2D0-79C42A54D5BA}.Release|x64.ActiveCfg = Release|Any CPU
		{21DA6E07-B118-4CC8-B2D0-79C42A54D5BA}.Release|x64.Build.0 = Release|Any CPU
		{21DA6E07-B118-4CC8-B2D0-79C42A54D5BA}.Release|x64.Deploy.0 = Release|Any CPU
		{21DA6E07-B118-4CC8-B2D0-79C42A54D5BA}.Release|x86.ActiveCfg = Release|Any CPU
		{21DA6E07-B118-4CC8-B2D0-79C42A54D5BA}.Release|x86.Build.0 = Release|Any CPU
		{21DA6E07-B118-4CC8-B2D0-79C42A54D5BA}.Release|x86.Deploy.0 = Release|Any CPU
		{CAF632BD-DCAB-4BD4-A33E-682F7A1C35ED}.Debug|Any CPU.ActiveCfg = Debug|iPhone
		{CAF632BD-DCAB-4BD4-A33E-682F7A1C35ED}.Debug|ARM.ActiveCfg = Debug|iPhone
		{CAF632BD-DCAB-4BD4-A33E-682F7A1C35ED}.Debug|iPhone.ActiveCfg = Debug|iPhone
		{CAF632BD-DCAB-4BD4-A33E-682F7A1C35ED}.Debug|iPhone.Build.0 = Debug|iPhone
		{CAF632BD-DCAB-4BD4-A33E-682F7A1C35ED}.Debug|iPhoneSimulator.ActiveCfg = Debug|iPhoneSimulator
		{CAF632BD-DCAB-4BD4-A33E-682F7A1C35ED}.Debug|iPhoneSimulator.Build.0 = Debug|iPhoneSimulator
		{CAF632BD-DCAB-4BD4-A33E-682F7A1C35ED}.Debug|x64.ActiveCfg = Debug|iPhone
		{CAF632BD-DCAB-4BD4-A33E-682F7A1C35ED}.Debug|x86.ActiveCfg = Debug|iPhone
		{CAF632BD-DCAB-4BD4-A33E-682F7A1C35ED}.Release|Any CPU.ActiveCfg = Release|iPhone
		{CAF632BD-DCAB-4BD4-A33E-682F7A1C35ED}.Release|ARM.ActiveCfg = Release|iPhone
		{CAF632BD-DCAB-4BD4-A33E-682F7A1C35ED}.Release|iPhone.ActiveCfg = Release|iPhone
		{CAF632BD-DCAB-4BD4-A33E-682F7A1C35ED}.Release|iPhone.Build.0 = Release|iPhone
		{CAF632BD-DCAB-4BD4-A33E-682F7A1C35ED}.Release|iPhoneSimulator.ActiveCfg = Release|iPhoneSimulator
		{CAF632BD-DCAB-4BD4-A33E-682F7A1C35ED}.Release|iPhoneSimulator.Build.0 = Release|iPhoneSimulator
		{CAF632BD-DCAB-4BD4-A33E-682F7A1C35ED}.Release|x64.ActiveCfg = Release|iPhone
		{CAF632BD-DCAB-4BD4-A33E-682F7A1C35ED}.Release|x86.ActiveCfg = Release|iPhone
		{BFDEEC2E-300C-4EFE-9E26-63F0A6E17845}.Debug|Any CPU.ActiveCfg = Debug|x86
		{BFDEEC2E-300C-4EFE-9E26-63F0A6E17845}.Debug|ARM.ActiveCfg = Debug|ARM
		{BFDEEC2E-300C-4EFE-9E26-63F0A6E17845}.Debug|ARM.Build.0 = Debug|ARM
		{BFDEEC2E-300C-4EFE-9E26-63F0A6E17845}.Debug|ARM.Deploy.0 = Debug|ARM
		{BFDEEC2E-300C-4EFE-9E26-63F0A6E17845}.Debug|iPhone.ActiveCfg = Debug|x86
		{BFDEEC2E-300C-4EFE-9E26-63F0A6E17845}.Debug|iPhoneSimulator.ActiveCfg = Debug|x86
		{BFDEEC2E-300C-4EFE-9E26-63F0A6E17845}.Debug|x64.ActiveCfg = Debug|x64
		{BFDEEC2E-300C-4EFE-9E26-63F0A6E17845}.Debug|x64.Build.0 = Debug|x64
		{BFDEEC2E-300C-4EFE-9E26-63F0A6E17845}.Debug|x64.Deploy.0 = Debug|x64
		{BFDEEC2E-300C-4EFE-9E26-63F0A6E17845}.Debug|x86.ActiveCfg = Debug|x86
		{BFDEEC2E-300C-4EFE-9E26-63F0A6E17845}.Debug|x86.Build.0 = Debug|x86
		{BFDEEC2E-300C-4EFE-9E26-63F0A6E17845}.Debug|x86.Deploy.0 = Debug|x86
		{BFDEEC2E-300C-4EFE-9E26-63F0A6E17845}.Release|Any CPU.ActiveCfg = Release|x86
		{BFDEEC2E-300C-4EFE-9E26-63F0A6E17845}.Release|ARM.ActiveCfg = Release|ARM
		{BFDEEC2E-300C-4EFE-9E26-63F0A6E17845}.Release|ARM.Build.0 = Release|ARM
		{BFDEEC2E-300C-4EFE-9E26-63F0A6E17845}.Release|ARM.Deploy.0 = Release|ARM
		{BFDEEC2E-300C-4EFE-9E26-63F0A6E17845}.Release|iPhone.ActiveCfg = Release|x86
		{BFDEEC2E-300C-4EFE-9E26-63F0A6E17845}.Release|iPhoneSimulator.ActiveCfg = Release|x86
		{BFDEEC2E-300C-4EFE-9E26-63F0A6E17845}.Release|x64.ActiveCfg = Release|x64
		{BFDEEC2E-300C-4EFE-9E26-63F0A6E17845}.Release|x64.Build.0 = Release|x64
		{BFDEEC2E-300C-4EFE-9E26-63F0A6E17845}.Release|x64.Deploy.0 = Release|x64
		{BFDEEC2E-300C-4EFE-9E26-63F0A6E17845}.Release|x86.ActiveCfg = Release|x86
		{BFDEEC2E-300C-4EFE-9E26-63F0A6E17845}.Release|x86.Build.0 = Release|x86
		{BFDEEC2E-300C-4EFE-9E26-63F0A6E17845}.Release|x86.Deploy.0 = Release|x86
	EndGlobalSection
	GlobalSection(SolutionProperties) = preSolution
		HideSolutionNode = FALSE
	EndGlobalSection
EndGlobal
